
Microsoft Visual Studio Solution File, Format Version 12.00
# Visual Studio Version 16
VisualStudioVersion = 16.0.30225.117
MinimumVisualStudioVersion = 10.0.40219.1
Project("{9A19103F-16F7-4668-BE54-9A1E7A4F7556}") = "DatadogAssemblyPatcher", "DatadogAssemblyPatcher.csproj", "{1D5784BD-0617-4756-B5A7-9B4019511139}"
EndProject
Global
	GlobalSection(SolutionConfigurationPlatforms) = preSolution
		Debug|Any CPU = Debug|Any CPU
		Release|Any CPU = Release|Any CPU
	EndGlobalSection
	GlobalSection(ProjectConfigurationPlatforms) = postSolution
		{1D5784BD-0617-4756-B5A7-9B4019511139}.Debug|Any CPU.ActiveCfg = Debug|Any CPU
		{1D5784BD-0617-4756-B5A7-9B4019511139}.Debug|Any CPU.Build.0 = Debug|Any CPU
		{1D5784BD-0617-4756-B5A7-9B4019511139}.Release|Any CPU.ActiveCfg = Release|Any CPU
		{1D5784BD-0617-4756-B5A7-9B4019511139}.Release|Any CPU.Build.0 = Release|Any CPU
	EndGlobalSection
	GlobalSection(SolutionProperties) = preSolution
		HideSolutionNode = FALSE
	EndGlobalSection
	GlobalSection(ExtensibilityGlobals) = postSolution
		SolutionGuid = {AE31AB9C-96CF-4E61-AABF-D84974926F1B}
	EndGlobalSection
EndGlobal
